
Microsoft Visual Studio Solution File, Format Version 12.00
# Visual Studio Version 17
VisualStudioVersion = 17.7.34024.191
MinimumVisualStudioVersion = 10.0.40219.1
Project("{FAE04EC0-301F-11D3-BF4B-00C04F79EFBC}") = "UP_laba_4.ds", "UP_laba_4.ds.csproj", "{8479B5F3-9E0F-4262-9B3C-F23B71A07158}"
EndProject
Global
	GlobalSection(SolutionConfigurationPlatforms) = preSolution
		Debug|Any CPU = Debug|Any CPU
		Release|Any CPU = Release|Any CPU
	EndGlobalSection
	GlobalSection(ProjectConfigurationPlatforms) = postSolution
		{8479B5F3-9E0F-4262-9B3C-F23B71A07158}.Debug|Any CPU.ActiveCfg = Debug|Any CPU
		{8479B5F3-9E0F-4262-9B3C-F23B71A07158}.Debug|Any CPU.Build.0 = Debug|Any CPU
		{8479B5F3-9E0F-4262-9B3C-F23B71A07158}.Release|Any CPU.ActiveCfg = Release|Any CPU
		{8479B5F3-9E0F-4262-9B3C-F23B71A07158}.Release|Any CPU.Build.0 = Release|Any CPU
	EndGlobalSection
	GlobalSection(SolutionProperties) = preSolution
		HideSolutionNode = FALSE
	EndGlobalSection
	GlobalSection(ExtensibilityGlobals) = postSolution
		SolutionGuid = {DBED5248-E1FD-41EA-9C1D-D66E39D3D1A4}
	EndGlobalSection
EndGlobal
